
Microsoft Visual Studio Solution File, Format Version 12.00
# Visual Studio 14
VisualStudioVersion = 14.0.23107.0
MinimumVisualStudioVersion = 10.0.40219.1
Project("{8BC9CEB8-8B4A-11D0-8D11-00A0C91BC942}") = "BloodNight", "BloodNight.vcxproj", "{D16EA875-D14C-48CC-81C6-97A900135A66}"
EndProject
Project("{8BC9CEB8-8B4A-11D0-8D11-00A0C91BC942}") = "WildVEngine", "..\..\WildVEngine\MSVC\WildVEngine.vcxproj", "{B44CE10C-3F15-4452-BB36-56CEDB59E2E6}"
EndProject
Global
	GlobalSection(SolutionConfigurationPlatforms) = preSolution
		Debug|x64 = Debug|x64
		Debug|x86 = Debug|x86
		Release|x64 = Release|x64
		Release|x86 = Release|x86
	EndGlobalSection
	GlobalSection(ProjectConfigurationPlatforms) = postSolution
		{D16EA875-D14C-48CC-81C6-97A900135A66}.Debug|x64.ActiveCfg = Debug|x64
		{D16EA875-D14C-48CC-81C6-97A900135A66}.Debug|x64.Build.0 = Debug|x64
		{D16EA875-D14C-48CC-81C6-97A900135A66}.Debug|x86.ActiveCfg = Debug|Win32
		{D16EA875-D14C-48CC-81C6-97A900135A66}.Debug|x86.Build.0 = Debug|Win32
		{D16EA875-D14C-48CC-81C6-97A900135A66}.Release|x64.ActiveCfg = Release|x64
		{D16EA875-D14C-48CC-81C6-97A900135A66}.Release|x64.Build.0 = Release|x64
		{D16EA875-D14C-48CC-81C6-97A900135A66}.Release|x86.ActiveCfg = Release|Win32
		{D16EA875-D14C-48CC-81C6-97A900135A66}.Release|x86.Build.0 = Release|Win32
		{B44CE10C-3F15-4452-BB36-56CEDB59E2E6}.Debug|x64.ActiveCfg = Debug|x64
		{B44CE10C-3F15-4452-BB36-56CEDB59E2E6}.Debug|x64.Build.0 = Debug|x64
		{B44CE10C-3F15-4452-BB36-56CEDB59E2E6}.Debug|x86.ActiveCfg = Debug|Win32
		{B44CE10C-3F15-4452-BB36-56CEDB59E2E6}.Debug|x86.Build.0 = Debug|Win32
		{B44CE10C-3F15-4452-BB36-56CEDB59E2E6}.Release|x64.ActiveCfg = Release|x64
		{B44CE10C-3F15-4452-BB36-56CEDB59E2E6}.Release|x64.Build.0 = Release|x64
		{B44CE10C-3F15-4452-BB36-56CEDB59E2E6}.Release|x86.ActiveCfg = Release|Win32
		{B44CE10C-3F15-4452-BB36-56CEDB59E2E6}.Release|x86.Build.0 = Release|Win32
	EndGlobalSection
	GlobalSection(SolutionProperties) = preSolution
		HideSolutionNode = FALSE
	EndGlobalSection
EndGlobal
